
Microsoft Visual Studio Solution File, Format Version 12.00
# Visual Studio Version 17
VisualStudioVersion = 17.0.31903.59
MinimumVisualStudioVersion = 10.0.40219.1
Project("{FAE04EC0-301F-11D3-BF4B-00C04F79EFBC}") = "Galgje", "Galgje\Galgje.csproj", "{53A48561-39C2-4926-B558-2A3E1BFEC5E8}"
EndProject
Global
	GlobalSection(SolutionConfigurationPlatforms) = preSolution
		Debug|Any CPU = Debug|Any CPU
		Release|Any CPU = Release|Any CPU
	EndGlobalSection
	GlobalSection(ProjectConfigurationPlatforms) = postSolution
		{53A48561-39C2-4926-B558-2A3E1BFEC5E8}.Debug|Any CPU.ActiveCfg = Debug|Any CPU
		{53A48561-39C2-4926-B558-2A3E1BFEC5E8}.Debug|Any CPU.Build.0 = Debug|Any CPU
		{53A48561-39C2-4926-B558-2A3E1BFEC5E8}.Release|Any CPU.ActiveCfg = Release|Any CPU
		{53A48561-39C2-4926-B558-2A3E1BFEC5E8}.Release|Any CPU.Build.0 = Release|Any CPU
	EndGlobalSection
	GlobalSection(SolutionProperties) = preSolution
		HideSolutionNode = FALSE
	EndGlobalSection
	GlobalSection(ExtensibilityGlobals) = postSolution
		SolutionGuid = {74BD44D6-62B4-48DF-AA81-3112ED58A769}
	EndGlobalSection
EndGlobal
